// !$*UTF8*$!
{
	archiveVersion = 1;
	classes = {
	};
	objectVersion = 55;
	objects = {

/* Begin PBXBuildFile section */
		FA1DD6E928FA0A9C00A849C8 /* ViewControllerTalleres.swift in Sources */ = {isa = PBXBuildFile; fileRef = FA1DD6E828FA0A9C00A849C8 /* ViewControllerTalleres.swift */; };
		FA1DD6EB28FA0C9B00A849C8 /* TableViewCellTaller.swift in Sources */ = {isa = PBXBuildFile; fileRef = FA1DD6EA28FA0C9B00A849C8 /* TableViewCellTaller.swift */; };
		FA1DD6ED28FA10B900A849C8 /* ViewControllerInfoTaller.swift in Sources */ = {isa = PBXBuildFile; fileRef = FA1DD6EC28FA10B900A849C8 /* ViewControllerInfoTaller.swift */; };
		FA3A2F9328FE7752005CB31D /* Launch Screen.storyboard in Resources */ = {isa = PBXBuildFile; fileRef = FA3A2F9228FE7752005CB31D /* Launch Screen.storyboard */; };
		FA3A2F9528FE7AFA005CB31D /* Fuente in Resources */ = {isa = PBXBuildFile; fileRef = FA3A2F9428FE7AFA005CB31D /* Fuente */; };
		FA3A2F9928FF0FDD005CB31D /* ViewControllerNotificaciones.swift in Sources */ = {isa = PBXBuildFile; fileRef = FA3A2F9828FF0FDC005CB31D /* ViewControllerNotificaciones.swift */; };
		FA3A2F9B28FF1089005CB31D /* notificacion.swift in Sources */ = {isa = PBXBuildFile; fileRef = FA3A2F9A28FF1089005CB31D /* notificacion.swift */; };
		FA3A2F9D28FF2278005CB31D /* TableViewCellNotif.swift in Sources */ = {isa = PBXBuildFile; fileRef = FA3A2F9C28FF2278005CB31D /* TableViewCellNotif.swift */; };
		FA7D481428F0C7C100E188AD /* AppDelegate.swift in Sources */ = {isa = PBXBuildFile; fileRef = FA7D481328F0C7C100E188AD /* AppDelegate.swift */; };
		FA7D481628F0C7C100E188AD /* SceneDelegate.swift in Sources */ = {isa = PBXBuildFile; fileRef = FA7D481528F0C7C100E188AD /* SceneDelegate.swift */; };
		FA7D481B28F0C7C100E188AD /* Main.storyboard in Resources */ = {isa = PBXBuildFile; fileRef = FA7D481928F0C7C100E188AD /* Main.storyboard */; };
		FA7D481D28F0C7C400E188AD /* Assets.xcassets in Resources */ = {isa = PBXBuildFile; fileRef = FA7D481C28F0C7C400E188AD /* Assets.xcassets */; };
		FA7D482028F0C7C400E188AD /* LaunchScreen.storyboard in Resources */ = {isa = PBXBuildFile; fileRef = FA7D481E28F0C7C400E188AD /* LaunchScreen.storyboard */; };
		FA93270928F4D94900DEDFBC /* taller.swift in Sources */ = {isa = PBXBuildFile; fileRef = FA93270828F4D94900DEDFBC /* taller.swift */; };
		FA93270F28F5BFCB00DEDFBC /* ViewController.swift in Sources */ = {isa = PBXBuildFile; fileRef = FA93270E28F5BFCB00DEDFBC /* ViewController.swift */; };
		FAB9CADB29003AEC003473E1 /* ViewControllerInfoNotif.swift in Sources */ = {isa = PBXBuildFile; fileRef = FAB9CADA29003AEC003473E1 /* ViewControllerInfoNotif.swift */; };
		FAB9CADD29004335003473E1 /* ViewControllerSettings.swift in Sources */ = {isa = PBXBuildFile; fileRef = FAB9CADC29004335003473E1 /* ViewControllerSettings.swift */; };
		FAC5EA5C28F48559006AD6F7 /* GoogleService-Info.plist in Resources */ = {isa = PBXBuildFile; fileRef = FAC5EA5B28F48559006AD6F7 /* GoogleService-Info.plist */; };
/* End PBXBuildFile section */

/* Begin PBXFileReference section */
		FA1DD6E828FA0A9C00A849C8 /* ViewControllerTalleres.swift */ = {isa = PBXFileReference; lastKnownFileType = sourcecode.swift; path = ViewControllerTalleres.swift; sourceTree = "<group>"; };
		FA1DD6EA28FA0C9B00A849C8 /* TableViewCellTaller.swift */ = {isa = PBXFileReference; lastKnownFileType = sourcecode.swift; path = TableViewCellTaller.swift; sourceTree = "<group>"; };
		FA1DD6EC28FA10B900A849C8 /* ViewControllerInfoTaller.swift */ = {isa = PBXFileReference; lastKnownFileType = sourcecode.swift; path = ViewControllerInfoTaller.swift; sourceTree = "<group>"; };
		FA3A2F9228FE7752005CB31D /* Launch Screen.storyboard */ = {isa = PBXFileReference; lastKnownFileType = file.storyboard; path = "Launch Screen.storyboard"; sourceTree = "<group>"; };
		FA3A2F9428FE7AFA005CB31D /* Fuente */ = {isa = PBXFileReference; lastKnownFileType = folder; name = Fuente; path = ../../../../../Downloads/Fuente; sourceTree = "<group>"; };
		FA3A2F9828FF0FDC005CB31D /* ViewControllerNotificaciones.swift */ = {isa = PBXFileReference; lastKnownFileType = sourcecode.swift; path = ViewControllerNotificaciones.swift; sourceTree = "<group>"; };
		FA3A2F9A28FF1089005CB31D /* notificacion.swift */ = {isa = PBXFileReference; lastKnownFileType = sourcecode.swift; path = notificacion.swift; sourceTree = "<group>"; };
		FA3A2F9C28FF2278005CB31D /* TableViewCellNotif.swift */ = {isa = PBXFileReference; lastKnownFileType = sourcecode.swift; path = TableViewCellNotif.swift; sourceTree = "<group>"; };
		FA7D481028F0C7C100E188AD /* AppMovilPrepanet.app */ = {isa = PBXFileReference; explicitFileType = wrapper.application; includeInIndex = 0; path = AppMovilPrepanet.app; sourceTree = BUILT_PRODUCTS_DIR; };
		FA7D481328F0C7C100E188AD /* AppDelegate.swift */ = {isa = PBXFileReference; lastKnownFileType = sourcecode.swift; path = AppDelegate.swift; sourceTree = "<group>"; };
		FA7D481528F0C7C100E188AD /* SceneDelegate.swift */ = {isa = PBXFileReference; lastKnownFileType = sourcecode.swift; path = SceneDelegate.swift; sourceTree = "<group>"; };
		FA7D481A28F0C7C100E188AD /* Base */ = {isa = PBXFileReference; lastKnownFileType = file.storyboard; name = Base; path = Base.lproj/Main.storyboard; sourceTree = "<group>"; };
		FA7D481C28F0C7C400E188AD /* Assets.xcassets */ = {isa = PBXFileReference; lastKnownFileType = folder.assetcatalog; path = Assets.xcassets; sourceTree = "<group>"; };
		FA7D481F28F0C7C400E188AD /* Base */ = {isa = PBXFileReference; lastKnownFileType = file.storyboard; name = Base; path = Base.lproj/LaunchScreen.storyboard; sourceTree = "<group>"; };
		FA7D482128F0C7C400E188AD /* Info.plist */ = {isa = PBXFileReference; lastKnownFileType = text.plist.xml; path = Info.plist; sourceTree = "<group>"; };
		FA93270828F4D94900DEDFBC /* taller.swift */ = {isa = PBXFileReference; lastKnownFileType = sourcecode.swift; path = taller.swift; sourceTree = "<group>"; };
		FA93270E28F5BFCB00DEDFBC /* ViewController.swift */ = {isa = PBXFileReference; lastKnownFileType = sourcecode.swift; path = ViewController.swift; sourceTree = "<group>"; };
		FAB9CADA29003AEC003473E1 /* ViewControllerInfoNotif.swift */ = {isa = PBXFileReference; lastKnownFileType = sourcecode.swift; path = ViewControllerInfoNotif.swift; sourceTree = "<group>"; };
		FAB9CADC29004335003473E1 /* ViewControllerSettings.swift */ = {isa = PBXFileReference; lastKnownFileType = sourcecode.swift; path = ViewControllerSettings.swift; sourceTree = "<group>"; };
		FAC5EA5B28F48559006AD6F7 /* GoogleService-Info.plist */ = {isa = PBXFileReference; fileEncoding = 4; lastKnownFileType = text.plist.xml; name = "GoogleService-Info.plist"; path = "../../../../../Downloads/GoogleService-Info.plist"; sourceTree = "<group>"; };
/* End PBXFileReference section */

/* Begin PBXFrameworksBuildPhase section */
		FA7D480D28F0C7C100E188AD /* Frameworks */ = {
			isa = PBXFrameworksBuildPhase;
			buildActionMask = 2147483647;
			files = (
			);
			runOnlyForDeploymentPostprocessing = 0;
		};
/* End PBXFrameworksBuildPhase section */

/* Begin PBXGroup section */
		FA7D480728F0C7C100E188AD = {
			isa = PBXGroup;
			children = (
				FAB9CADC29004335003473E1 /* ViewControllerSettings.swift */,
				FA3A2F9228FE7752005CB31D /* Launch Screen.storyboard */,
				FA3A2F9A28FF1089005CB31D /* notificacion.swift */,
				FA93270828F4D94900DEDFBC /* taller.swift */,
				FA7D481228F0C7C100E188AD /* AppMovilPrepanet */,
				FA7D481128F0C7C100E188AD /* Products */,
			);
			sourceTree = "<group>";
		};
		FA7D481128F0C7C100E188AD /* Products */ = {
			isa = PBXGroup;
			children = (
				FA7D481028F0C7C100E188AD /* AppMovilPrepanet.app */,
			);
			name = Products;
			sourceTree = "<group>";
		};
		FA7D481228F0C7C100E188AD /* AppMovilPrepanet */ = {
			isa = PBXGroup;
			children = (
				FA7D481328F0C7C100E188AD /* AppDelegate.swift */,
				FA7D481528F0C7C100E188AD /* SceneDelegate.swift */,
				FA7D481928F0C7C100E188AD /* Main.storyboard */,
				FAB9CADA29003AEC003473E1 /* ViewControllerInfoNotif.swift */,
				FA3A2F9C28FF2278005CB31D /* TableViewCellNotif.swift */,
				FA3A2F9828FF0FDC005CB31D /* ViewControllerNotificaciones.swift */,
				FA1DD6EC28FA10B900A849C8 /* ViewControllerInfoTaller.swift */,
				FA1DD6EA28FA0C9B00A849C8 /* TableViewCellTaller.swift */,
				FA1DD6E828FA0A9C00A849C8 /* ViewControllerTalleres.swift */,
				FA93270E28F5BFCB00DEDFBC /* ViewController.swift */,
				FA7D481C28F0C7C400E188AD /* Assets.xcassets */,
				FA7D481E28F0C7C400E188AD /* LaunchScreen.storyboard */,
				FA7D482128F0C7C400E188AD /* Info.plist */,
				FAC5EA5B28F48559006AD6F7 /* GoogleService-Info.plist */,
				FA3A2F9428FE7AFA005CB31D /* Fuente */,
			);
			path = AppMovilPrepanet;
			sourceTree = "<group>";
		};
/* End PBXGroup section */

/* Begin PBXNativeTarget section */
		FA7D480F28F0C7C100E188AD /* AppMovilPrepanet */ = {
			isa = PBXNativeTarget;
			buildConfigurationList = FA7D482428F0C7C400E188AD /* Build configuration list for PBXNativeTarget "AppMovilPrepanet" */;
			buildPhases = (
				FA7D480C28F0C7C100E188AD /* Sources */,
				FA7D480D28F0C7C100E188AD /* Frameworks */,
				FA7D480E28F0C7C100E188AD /* Resources */,
			);
			buildRules = (
			);
			dependencies = (
			);
			name = AppMovilPrepanet;
			packageProductDependencies = (
			);
			productName = AppMovilPrepanet;
			productReference = FA7D481028F0C7C100E188AD /* AppMovilPrepanet.app */;
			productType = "com.apple.product-type.application";
		};
/* End PBXNativeTarget section */

/* Begin PBXProject section */
		FA7D480828F0C7C100E188AD /* Project object */ = {
			isa = PBXProject;
			attributes = {
				BuildIndependentTargetsInParallel = 1;
				LastSwiftUpdateCheck = 1340;
				LastUpgradeCheck = 1340;
				TargetAttributes = {
					FA7D480F28F0C7C100E188AD = {
						CreatedOnToolsVersion = 13.4.1;
					};
				};
			};
			buildConfigurationList = FA7D480B28F0C7C100E188AD /* Build configuration list for PBXProject "AppMovilPrepanet" */;
			compatibilityVersion = "Xcode 13.0";
			developmentRegion = en;
			hasScannedForEncodings = 0;
			knownRegions = (
				en,
				Base,
			);
			mainGroup = FA7D480728F0C7C100E188AD;
			packageReferences = (
			);
			productRefGroup = FA7D481128F0C7C100E188AD /* Products */;
			projectDirPath = "";
			projectRoot = "";
			targets = (
				FA7D480F28F0C7C100E188AD /* AppMovilPrepanet */,
			);
		};
/* End PBXProject section */

/* Begin PBXResourcesBuildPhase section */
		FA7D480E28F0C7C100E188AD /* Resources */ = {
			isa = PBXResourcesBuildPhase;
			buildActionMask = 2147483647;
			files = (
				FA7D482028F0C7C400E188AD /* LaunchScreen.storyboard in Resources */,
				FA3A2F9528FE7AFA005CB31D /* Fuente in Resources */,
				FAC5EA5C28F48559006AD6F7 /* GoogleService-Info.plist in Resources */,
				FA7D481D28F0C7C400E188AD /* Assets.xcassets in Resources */,
				FA3A2F9328FE7752005CB31D /* Launch Screen.storyboard in Resources */,
				FA7D481B28F0C7C100E188AD /* Main.storyboard in Resources */,
			);
			runOnlyForDeploymentPostprocessing = 0;
		};
/* End PBXResourcesBuildPhase section */

/* Begin PBXSourcesBuildPhase section */
		FA7D480C28F0C7C100E188AD /* Sources */ = {
			isa = PBXSourcesBuildPhase;
			buildActionMask = 2147483647;
			files = (
				FA93270F28F5BFCB00DEDFBC /* ViewController.swift in Sources */,
				FAB9CADB29003AEC003473E1 /* ViewControllerInfoNotif.swift in Sources */,
				FA1DD6ED28FA10B900A849C8 /* ViewControllerInfoTaller.swift in Sources */,
				FA3A2F9D28FF2278005CB31D /* TableViewCellNotif.swift in Sources */,
				FA3A2F9928FF0FDD005CB31D /* ViewControllerNotificaciones.swift in Sources */,
				FA3A2F9B28FF1089005CB31D /* notificacion.swift in Sources */,
				FA1DD6EB28FA0C9B00A849C8 /* TableViewCellTaller.swift in Sources */,
				FA7D481428F0C7C100E188AD /* AppDelegate.swift in Sources */,
				FA1DD6E928FA0A9C00A849C8 /* ViewControllerTalleres.swift in Sources */,
				FA7D481628F0C7C100E188AD /* SceneDelegate.swift in Sources */,
				FA93270928F4D94900DEDFBC /* taller.swift in Sources */,
				FAB9CADD29004335003473E1 /* ViewControllerSettings.swift in Sources */,
			);
			runOnlyForDeploymentPostprocessing = 0;
		};
/* End PBXSourcesBuildPhase section */

/* Begin PBXVariantGroup section */
		FA7D481928F0C7C100E188AD /* Main.storyboard */ = {
			isa = PBXVariantGroup;
			children = (
				FA7D481A28F0C7C100E188AD /* Base */,
			);
			name = Main.storyboard;
			sourceTree = "<group>";
		};
		FA7D481E28F0C7C400E188AD /* LaunchScreen.storyboard */ = {
			isa = PBXVariantGroup;
			children = (
				FA7D481F28F0C7C400E188AD /* Base */,
			);
			name = LaunchScreen.storyboard;
			sourceTree = "<group>";
		};
/* End PBXVariantGroup section */

/* Begin XCBuildConfiguration section */
		FA7D482228F0C7C400E188AD /* Debug */ = {
			isa = XCBuildConfiguration;
			buildSettings = {
				ALWAYS_SEARCH_USER_PATHS = NO;
				CLANG_ANALYZER_NONNULL = YES;
				CLANG_ANALYZER_NUMBER_OBJECT_CONVERSION = YES_AGGRESSIVE;
				CLANG_CXX_LANGUAGE_STANDARD = "gnu++17";
				CLANG_ENABLE_MODULES = YES;
				CLANG_ENABLE_OBJC_ARC = YES;
				CLANG_ENABLE_OBJC_WEAK = YES;
				CLANG_WARN_BLOCK_CAPTURE_AUTORELEASING = YES;
				CLANG_WARN_BOOL_CONVERSION = YES;
				CLANG_WARN_COMMA = YES;
				CLANG_WARN_CONSTANT_CONVERSION = YES;
				CLANG_WARN_DEPRECATED_OBJC_IMPLEMENTATIONS = YES;
				CLANG_WARN_DIRECT_OBJC_ISA_USAGE = YES_ERROR;
				CLANG_WARN_DOCUMENTATION_COMMENTS = YES;
				CLANG_WARN_EMPTY_BODY = YES;
				CLANG_WARN_ENUM_CONVERSION = YES;
				CLANG_WARN_INFINITE_RECURSION = YES;
				CLANG_WARN_INT_CONVERSION = YES;
				CLANG_WARN_NON_LITERAL_NULL_CONVERSION = YES;
				CLANG_WARN_OBJC_IMPLICIT_RETAIN_SELF = YES;
				CLANG_WARN_OBJC_LITERAL_CONVERSION = YES;
				CLANG_WARN_OBJC_ROOT_CLASS = YES_ERROR;
				CLANG_WARN_QUOTED_INCLUDE_IN_FRAMEWORK_HEADER = YES;
				CLANG_WARN_RANGE_LOOP_ANALYSIS = YES;
				CLANG_WARN_STRICT_PROTOTYPES = YES;
				CLANG_WARN_SUSPICIOUS_MOVE = YES;
				CLANG_WARN_UNGUARDED_AVAILABILITY = YES_AGGRESSIVE;
				CLANG_WARN_UNREACHABLE_CODE = YES;
				CLANG_WARN__DUPLICATE_METHOD_MATCH = YES;
				COPY_PHASE_STRIP = NO;
				DEBUG_INFORMATION_FORMAT = dwarf;
				ENABLE_STRICT_OBJC_MSGSEND = YES;
				ENABLE_TESTABILITY = YES;
				GCC_C_LANGUAGE_STANDARD = gnu11;
				GCC_DYNAMIC_NO_PIC = NO;
				GCC_NO_COMMON_BLOCKS = YES;
				GCC_OPTIMIZATION_LEVEL = 0;
				GCC_PREPROCESSOR_DEFINITIONS = (
					"DEBUG=1",
					"$(inherited)",
				);
				GCC_WARN_64_TO_32_BIT_CONVERSION = YES;
				GCC_WARN_ABOUT_RETURN_TYPE = YES_ERROR;
				GCC_WARN_UNDECLARED_SELECTOR = YES;
				GCC_WARN_UNINITIALIZED_AUTOS = YES_AGGRESSIVE;
				GCC_WARN_UNUSED_FUNCTION = YES;
				GCC_WARN_UNUSED_VARIABLE = YES;
				IPHONEOS_DEPLOYMENT_TARGET = 15.0;
				MTL_ENABLE_DEBUG_INFO = INCLUDE_SOURCE;
				MTL_FAST_MATH = YES;
				ONLY_ACTIVE_ARCH = YES;
				SDKROOT = iphoneos;
				SWIFT_ACTIVE_COMPILATION_CONDITIONS = DEBUG;
				SWIFT_OPTIMIZATION_LEVEL = "-Onone";
			};
			name = Debug;
		};
		FA7D482328F0C7C400E188AD /* Release */ = {
			isa = XCBuildConfiguration;
			buildSettings = {
				ALWAYS_SEARCH_USER_PATHS = NO;
				CLANG_ANALYZER_NONNULL = YES;
				CLANG_ANALYZER_NUMBER_OBJECT_CONVERSION = YES_AGGRESSIVE;
				CLANG_CXX_LANGUAGE_STANDARD = "gnu++17";
				CLANG_ENABLE_MODULES = YES;
				CLANG_ENABLE_OBJC_ARC = YES;
				CLANG_ENABLE_OBJC_WEAK = YES;
				CLANG_WARN_BLOCK_CAPTURE_AUTORELEASING = YES;
				CLANG_WARN_BOOL_CONVERSION = YES;
				CLANG_WARN_COMMA = YES;
				CLANG_WARN_CONSTANT_CONVERSION = YES;
				CLANG_WARN_DEPRECATED_OBJC_IMPLEMENTATIONS = YES;
				CLANG_WARN_DIRECT_OBJC_ISA_USAGE = YES_ERROR;
				CLANG_WARN_DOCUMENTATION_COMMENTS = YES;
				CLANG_WARN_EMPTY_BODY = YES;
				CLANG_WARN_ENUM_CONVERSION = YES;
				CLANG_WARN_INFINITE_RECURSION = YES;
				CLANG_WARN_INT_CONVERSION = YES;
				CLANG_WARN_NON_LITERAL_NULL_CONVERSION = YES;
				CLANG_WARN_OBJC_IMPLICIT_RETAIN_SELF = YES;
				CLANG_WARN_OBJC_LITERAL_CONVERSION = YES;
				CLANG_WARN_OBJC_ROOT_CLASS = YES_ERROR;
				CLANG_WARN_QUOTED_INCLUDE_IN_FRAMEWORK_HEADER = YES;
				CLANG_WARN_RANGE_LOOP_ANALYSIS = YES;
				CLANG_WARN_STRICT_PROTOTYPES = YES;
				CLANG_WARN_SUSPICIOUS_MOVE = YES;
				CLANG_WARN_UNGUARDED_AVAILABILITY = YES_AGGRESSIVE;
				CLANG_WARN_UNREACHABLE_CODE = YES;
				CLANG_WARN__DUPLICATE_METHOD_MATCH = YES;
				COPY_PHASE_STRIP = NO;
				DEBUG_INFORMATION_FORMAT = "dwarf-with-dsym";
				ENABLE_NS_ASSERTIONS = NO;
				ENABLE_STRICT_OBJC_MSGSEND = YES;
				GCC_C_LANGUAGE_STANDARD = gnu11;
				GCC_NO_COMMON_BLOCKS = YES;
				GCC_WARN_64_TO_32_BIT_CONVERSION = YES;
				GCC_WARN_ABOUT_RETURN_TYPE = YES_ERROR;
				GCC_WARN_UNDECLARED_SELECTOR = YES;
				GCC_WARN_UNINITIALIZED_AUTOS = YES_AGGRESSIVE;
				GCC_WARN_UNUSED_FUNCTION = YES;
				GCC_WARN_UNUSED_VARIABLE = YES;
				IPHONEOS_DEPLOYMENT_TARGET = 15.0;
				MTL_ENABLE_DEBUG_INFO = NO;
				MTL_FAST_MATH = YES;
				SDKROOT = iphoneos;
				SWIFT_COMPILATION_MODE = wholemodule;
				SWIFT_OPTIMIZATION_LEVEL = "-O";
				VALIDATE_PRODUCT = YES;
			};
			name = Release;
		};
		FA7D482528F0C7C400E188AD /* Debug */ = {
			isa = XCBuildConfiguration;
			buildSettings = {
				ASSETCATALOG_COMPILER_APPICON_NAME = AppIcon;
				ASSETCATALOG_COMPILER_GLOBAL_ACCENT_COLOR_NAME = AccentColor;
				CODE_SIGN_STYLE = Automatic;
				CURRENT_PROJECT_VERSION = 1;
				DEVELOPMENT_TEAM = 28Z6MA3PHS;
				GENERATE_INFOPLIST_FILE = YES;
				INFOPLIST_FILE = AppMovilPrepanet/Info.plist;
				INFOPLIST_KEY_CFBundleDisplayName = "PrepaNet Talleres";
				INFOPLIST_KEY_LSApplicationCategoryType = "public.app-category.education";
				INFOPLIST_KEY_UIApplicationSupportsIndirectInputEvents = YES;
				INFOPLIST_KEY_UILaunchStoryboardName = "Launch Screen.storyboard";
				INFOPLIST_KEY_UIMainStoryboardFile = Main;
				INFOPLIST_KEY_UIStatusBarStyle = "";
				INFOPLIST_KEY_UISupportedInterfaceOrientations_iPad = "UIInterfaceOrientationPortrait UIInterfaceOrientationPortraitUpsideDown UIInterfaceOrientationLandscapeLeft UIInterfaceOrientationLandscapeRight";
				INFOPLIST_KEY_UISupportedInterfaceOrientations_iPhone = "UIInterfaceOrientationPortrait UIInterfaceOrientationLandscapeLeft UIInterfaceOrientationLandscapeRight";
				INFOPLIST_KEY_UIUserInterfaceStyle = Light;
				LD_RUNPATH_SEARCH_PATHS = (
					"$(inherited)",
					"@executable_path/Frameworks",
				);
				MARKETING_VERSION = 1.0;
				PRODUCT_BUNDLE_IDENTIFIER = Tec.AppMovilPrepanet;
				PRODUCT_NAME = "$(TARGET_NAME)";
				SWIFT_EMIT_LOC_STRINGS = YES;
				SWIFT_VERSION = 5.0;
				TARGETED_DEVICE_FAMILY = "1,2";
			};
			name = Debug;
		};
		FA7D482628F0C7C400E188AD /* Release */ = {
			isa = XCBuildConfiguration;
			buildSettings = {
				ASSETCATALOG_COMPILER_APPICON_NAME = AppIcon;
				ASSETCATALOG_COMPILER_GLOBAL_ACCENT_COLOR_NAME = AccentColor;
				CODE_SIGN_STYLE = Automatic;
				CURRENT_PROJECT_VERSION = 1;
				DEVELOPMENT_TEAM = 28Z6MA3PHS;
				GENERATE_INFOPLIST_FILE = YES;
				INFOPLIST_FILE = AppMovilPrepanet/Info.plist;
				INFOPLIST_KEY_CFBundleDisplayName = "PrepaNet Talleres";
				INFOPLIST_KEY_LSApplicationCategoryType = "public.app-category.education";
				INFOPLIST_KEY_UIApplicationSupportsIndirectInputEvents = YES;
				INFOPLIST_KEY_UILaunchStoryboardName = "Launch Screen.storyboard";
				INFOPLIST_KEY_UIMainStoryboardFile = Main;
				INFOPLIST_KEY_UIStatusBarStyle = "";
				INFOPLIST_KEY_UISupportedInterfaceOrientations_iPad = "UIInterfaceOrientationPortrait UIInterfaceOrientationPortraitUpsideDown UIInterfaceOrientationLandscapeLeft UIInterfaceOrientationLandscapeRight";
				INFOPLIST_KEY_UISupportedInterfaceOrientations_iPhone = "UIInterfaceOrientationPortrait UIInterfaceOrientationLandscapeLeft UIInterfaceOrientationLandscapeRight";
				INFOPLIST_KEY_UIUserInterfaceStyle = Light;
				LD_RUNPATH_SEARCH_PATHS = (
					"$(inherited)",
					"@executable_path/Frameworks",
				);
				MARKETING_VERSION = 1.0;
				PRODUCT_BUNDLE_IDENTIFIER = Tec.AppMovilPrepanet;
				PRODUCT_NAME = "$(TARGET_NAME)";
				SWIFT_EMIT_LOC_STRINGS = YES;
				SWIFT_VERSION = 5.0;
				TARGETED_DEVICE_FAMILY = "1,2";
			};
			name = Release;
		};
/* End XCBuildConfiguration section */

/* Begin XCConfigurationList section */
		FA7D480B28F0C7C100E188AD /* Build configuration list for PBXProject "AppMovilPrepanet" */ = {
			isa = XCConfigurationList;
			buildConfigurations = (
				FA7D482228F0C7C400E188AD /* Debug */,
				FA7D482328F0C7C400E188AD /* Release */,
			);
			defaultConfigurationIsVisible = 0;
			defaultConfigurationName = Release;
		};
		FA7D482428F0C7C400E188AD /* Build configuration list for PBXNativeTarget "AppMovilPrepanet" */ = {
			isa = XCConfigurationList;
			buildConfigurations = (
				FA7D482528F0C7C400E188AD /* Debug */,
				FA7D482628F0C7C400E188AD /* Release */,
			);
			defaultConfigurationIsVisible = 0;
			defaultConfigurationName = Release;
		};
/* End XCConfigurationList section */
	};
	rootObject = FA7D480828F0C7C100E188AD /* Project object */;
}
